
Microsoft Visual Studio Solution File, Format Version 12.00
# Visual Studio Version 17
VisualStudioVersion = 17.4.33122.133
MinimumVisualStudioVersion = 10.0.40219.1
Project("{FAE04EC0-301F-11D3-BF4B-00C04F79EFBC}") = "FlightPlanApi", "FlightPlanApi\FlightPlanApi.csproj", "{CA97BFEF-41EB-4376-9000-29BBB780E795}"
EndProject
Global
	GlobalSection(SolutionConfigurationPlatforms) = preSolution
		Debug|Any CPU = Debug|Any CPU
		Release|Any CPU = Release|Any CPU
	EndGlobalSection
	GlobalSection(ProjectConfigurationPlatforms) = postSolution
		{CA97BFEF-41EB-4376-9000-29BBB780E795}.Debug|Any CPU.ActiveCfg = Debug|Any CPU
		{CA97BFEF-41EB-4376-9000-29BBB780E795}.Debug|Any CPU.Build.0 = Debug|Any CPU
		{CA97BFEF-41EB-4376-9000-29BBB780E795}.Release|Any CPU.ActiveCfg = Release|Any CPU
		{CA97BFEF-41EB-4376-9000-29BBB780E795}.Release|Any CPU.Build.0 = Release|Any CPU
	EndGlobalSection
	GlobalSection(SolutionProperties) = preSolution
		HideSolutionNode = FALSE
	EndGlobalSection
	GlobalSection(ExtensibilityGlobals) = postSolution
		SolutionGuid = {2BA24898-A15A-414F-BF3A-4A338BD067C2}
	EndGlobalSection
EndGlobal
